
Microsoft Visual Studio Solution File, Format Version 12.00
# Visual Studio Version 17
VisualStudioVersion = 17.7.34202.233
MinimumVisualStudioVersion = 10.0.40219.1
Project("{2150E333-8FDC-42A3-9474-1A3956D46DE8}") = "FrontEnd", "FrontEnd", "{E03E56B6-A468-466F-BEA5-8AB6A49E7ACB}"
EndProject
Project("{2150E333-8FDC-42A3-9474-1A3956D46DE8}") = "Gateway", "Gateway", "{04CB10E7-85FB-41F3-B86D-9A327B96DE65}"
EndProject
Project("{2150E333-8FDC-42A3-9474-1A3956D46DE8}") = "Services", "Services", "{1920F920-6CC6-445A-85A0-ACEAFB6AC821}"
EndProject
Project("{2150E333-8FDC-42A3-9474-1A3956D46DE8}") = "Integration", "Integration", "{B42509BD-70B0-4A34-BD9F-C8ABDB4ED4D3}"
EndProject
Project("{9A19103F-16F7-4668-BE54-9A1E7A4F7556}") = "Services.CouponAPI", "Services.CouponAPI\Services.CouponAPI.csproj", "{FDEAE761-A325-4507-AF8E-AE05D42E5E38}"
EndProject
Project("{9A19103F-16F7-4668-BE54-9A1E7A4F7556}") = "MS_Web", "MS_Web\MS_Web.csproj", "{387E9F41-F39E-40E1-A33E-96101D44C659}"
EndProject
Project("{9A19103F-16F7-4668-BE54-9A1E7A4F7556}") = "Services.AuthAPI", "Services.AuthAPI\Services.AuthAPI.csproj", "{85294CF2-F1D0-4A8E-99FA-9F25EC80AC91}"
EndProject
Project("{9A19103F-16F7-4668-BE54-9A1E7A4F7556}") = "Services.ProductAPI", "Services.ProductAPI\Services.ProductAPI.csproj", "{347B73E8-B76D-4A86-980F-8264107E77C2}"
EndProject
Project("{9A19103F-16F7-4668-BE54-9A1E7A4F7556}") = "Services.ShoppingCartAPI", "Services.ShoppingCartAPI\Services.ShoppingCartAPI.csproj", "{D8D2CF33-5512-4E43-84D7-170F3484F2B7}"
EndProject
Project("{FAE04EC0-301F-11D3-BF4B-00C04F79EFBC}") = "MS.MessageBus", "MS.MessageBus\MS.MessageBus.csproj", "{1A084AB9-04FD-4397-A9D6-2232CFAB2C36}"
EndProject
Project("{FAE04EC0-301F-11D3-BF4B-00C04F79EFBC}") = "Services.EmailAPI", "Services.EmailAPI\Services.EmailAPI.csproj", "{752BFC75-56AB-4628-B0B6-7D22DBFF3523}"
EndProject
Global
	GlobalSection(SolutionConfigurationPlatforms) = preSolution
		Debug|Any CPU = Debug|Any CPU
		Release|Any CPU = Release|Any CPU
	EndGlobalSection
	GlobalSection(ProjectConfigurationPlatforms) = postSolution
		{FDEAE761-A325-4507-AF8E-AE05D42E5E38}.Debug|Any CPU.ActiveCfg = Debug|Any CPU
		{FDEAE761-A325-4507-AF8E-AE05D42E5E38}.Debug|Any CPU.Build.0 = Debug|Any CPU
		{FDEAE761-A325-4507-AF8E-AE05D42E5E38}.Release|Any CPU.ActiveCfg = Release|Any CPU
		{FDEAE761-A325-4507-AF8E-AE05D42E5E38}.Release|Any CPU.Build.0 = Release|Any CPU
		{387E9F41-F39E-40E1-A33E-96101D44C659}.Debug|Any CPU.ActiveCfg = Debug|Any CPU
		{387E9F41-F39E-40E1-A33E-96101D44C659}.Debug|Any CPU.Build.0 = Debug|Any CPU
		{387E9F41-F39E-40E1-A33E-96101D44C659}.Release|Any CPU.ActiveCfg = Release|Any CPU
		{387E9F41-F39E-40E1-A33E-96101D44C659}.Release|Any CPU.Build.0 = Release|Any CPU
		{85294CF2-F1D0-4A8E-99FA-9F25EC80AC91}.Debug|Any CPU.ActiveCfg = Debug|Any CPU
		{85294CF2-F1D0-4A8E-99FA-9F25EC80AC91}.Debug|Any CPU.Build.0 = Debug|Any CPU
		{85294CF2-F1D0-4A8E-99FA-9F25EC80AC91}.Release|Any CPU.ActiveCfg = Release|Any CPU
		{85294CF2-F1D0-4A8E-99FA-9F25EC80AC91}.Release|Any CPU.Build.0 = Release|Any CPU
		{347B73E8-B76D-4A86-980F-8264107E77C2}.Debug|Any CPU.ActiveCfg = Debug|Any CPU
		{347B73E8-B76D-4A86-980F-8264107E77C2}.Debug|Any CPU.Build.0 = Debug|Any CPU
		{347B73E8-B76D-4A86-980F-8264107E77C2}.Release|Any CPU.ActiveCfg = Release|Any CPU
		{347B73E8-B76D-4A86-980F-8264107E77C2}.Release|Any CPU.Build.0 = Release|Any CPU
		{D8D2CF33-5512-4E43-84D7-170F3484F2B7}.Debug|Any CPU.ActiveCfg = Debug|Any CPU
		{D8D2CF33-5512-4E43-84D7-170F3484F2B7}.Debug|Any CPU.Build.0 = Debug|Any CPU
		{D8D2CF33-5512-4E43-84D7-170F3484F2B7}.Release|Any CPU.ActiveCfg = Release|Any CPU
		{D8D2CF33-5512-4E43-84D7-170F3484F2B7}.Release|Any CPU.Build.0 = Release|Any CPU
		{1A084AB9-04FD-4397-A9D6-2232CFAB2C36}.Debug|Any CPU.ActiveCfg = Debug|Any CPU
		{1A084AB9-04FD-4397-A9D6-2232CFAB2C36}.Debug|Any CPU.Build.0 = Debug|Any CPU
		{1A084AB9-04FD-4397-A9D6-2232CFAB2C36}.Release|Any CPU.ActiveCfg = Release|Any CPU
		{1A084AB9-04FD-4397-A9D6-2232CFAB2C36}.Release|Any CPU.Build.0 = Release|Any CPU
		{752BFC75-56AB-4628-B0B6-7D22DBFF3523}.Debug|Any CPU.ActiveCfg = Debug|Any CPU
		{752BFC75-56AB-4628-B0B6-7D22DBFF3523}.Debug|Any CPU.Build.0 = Debug|Any CPU
		{752BFC75-56AB-4628-B0B6-7D22DBFF3523}.Release|Any CPU.ActiveCfg = Release|Any CPU
		{752BFC75-56AB-4628-B0B6-7D22DBFF3523}.Release|Any CPU.Build.0 = Release|Any CPU
	EndGlobalSection
	GlobalSection(SolutionProperties) = preSolution
		HideSolutionNode = FALSE
	EndGlobalSection
	GlobalSection(NestedProjects) = preSolution
		{FDEAE761-A325-4507-AF8E-AE05D42E5E38} = {1920F920-6CC6-445A-85A0-ACEAFB6AC821}
		{387E9F41-F39E-40E1-A33E-96101D44C659} = {E03E56B6-A468-466F-BEA5-8AB6A49E7ACB}
		{85294CF2-F1D0-4A8E-99FA-9F25EC80AC91} = {1920F920-6CC6-445A-85A0-ACEAFB6AC821}
		{347B73E8-B76D-4A86-980F-8264107E77C2} = {1920F920-6CC6-445A-85A0-ACEAFB6AC821}
		{D8D2CF33-5512-4E43-84D7-170F3484F2B7} = {1920F920-6CC6-445A-85A0-ACEAFB6AC821}
		{1A084AB9-04FD-4397-A9D6-2232CFAB2C36} = {B42509BD-70B0-4A34-BD9F-C8ABDB4ED4D3}
		{752BFC75-56AB-4628-B0B6-7D22DBFF3523} = {1920F920-6CC6-445A-85A0-ACEAFB6AC821}
	EndGlobalSection
	GlobalSection(ExtensibilityGlobals) = postSolution
		SolutionGuid = {B4508B01-3617-419C-89BE-44F66481359C}
	EndGlobalSection
EndGlobal
